{
	"name": "valid-dev-invalid-prod",
	"requires": true,
	"lockfileVersion": 1,
	"dependencies": {
		"@npmcli/ci-detect": {
			"version": "1.1.1",
			"resolved": "https://registry.npmjs.org/@npmcli/ci-detect/-/ci-detect-1.1.1.tgz",
			"integrity": "sha512-h5eW3DljLypyhvfK94FkSSm4qtSUFddth/xW+7vnkVCEUJR38MYvctCSZkxqrzmXZSzpfImuAwwKvRqkEuDvCQ=="
		},
		"@npmcli/installed-package-contents": {
			"version": "1.0.5",
			"resolved": "https://registry.npmjs.org/@npmcli/installed-package-contents/-/installed-package-contents-1.0.5.tgz",
			"integrity": "sha512-aKIwguaaqb6ViwSOFytniGvLPb9SMCUm39TgM3SfUo7n0TxUMbwoXfpwyvQ4blm10lzbAwTsvjr7QZ85LvTi4A==",
			"requires": {
				"npm-bundled": "^1.1.1",
				"npm-normalize-package-bin": "^1.0.1",
				"read-package-json-fast": "^1.1.1",
				"readdir-scoped-modules": "^1.1.0"
			}
		},
		"agent-base": {
			"version": "5.1.1",
			"resolved": "https://registry.npmjs.org/agent-base/-/agent-base-5.1.1.tgz",
			"integrity": "sha512-TMeqbNl2fMW0nMjTEPOwe3J/PRFP4vqeoNuQMG0HlMrtm5QxKqdvAkZ1pRBQ/ulIyDD5Yq0nJ7YbdD8ey0TO3g=="
		},
		"agentkeepalive": {
			"version": "4.1.0",
			"resolved": "https://registry.npmjs.org/agentkeepalive/-/agentkeepalive-4.1.0.tgz",
			"integrity": "sha512-CW/n1wxF8RpEuuiq6Vbn9S8m0VSYDMnZESqaJ6F2cWN9fY8rei2qaxweIaRgq+ek8TqfoFIsUjaGNKGGEHElSg==",
			"requires": {
				"debug": "^4.1.0",
				"depd": "^1.1.2",
				"humanize-ms": "^1.2.1"
			}
		},
		"aggregate-error": {
			"version": "3.0.1",
			"resolved": "https://registry.npmjs.org/aggregate-error/-/aggregate-error-3.0.1.tgz",
			"integrity": "sha512-quoaXsZ9/BLNae5yiNoUz+Nhkwz83GhWwtYFglcjEQB2NDHCIpApbqXxIFnm4Pq/Nvhrsq5sYJFyohrrxnTGAA==",
			"requires": {
				"clean-stack": "^2.0.0",
				"indent-string": "^4.0.0"
			}
		},
		"aproba": {
			"version": "1.2.0",
			"resolved": "https://registry.npmjs.org/aproba/-/aproba-1.2.0.tgz",
			"integrity": "sha512-Y9J6ZjXtoYh8RnXVCMOU/ttDmk1aBjunq9vO0ta5x85WDQiQfUF9sIPBITdbiiIVcBo03Hi3jMxigBtsddlXRw=="
		},
		"asap": {
			"version": "2.0.6",
			"resolved": "https://registry.npmjs.org/asap/-/asap-2.0.6.tgz",
			"integrity": "sha1-5QNHYR1+aQlDIIu9r+vLwvuGbUY="
		},
		"balanced-match": {
			"version": "1.0.0",
			"resolved": "https://registry.npmjs.org/balanced-match/-/balanced-match-1.0.0.tgz",
			"integrity": "sha1-ibTRmasr7kneFk6gK4nORi1xt2c="
		},
		"brace-expansion": {
			"version": "1.1.11",
			"resolved": "https://registry.npmjs.org/brace-expansion/-/brace-expansion-1.1.11.tgz",
			"integrity": "sha512-iCuPHDFgrHX7H2vEI/5xpz07zSHB00TpugqhmYtVmMO6518mCuRMoOYFldEBl0g187ufozdaHgWKcYFb61qGiA==",
			"requires": {
				"balanced-match": "^1.0.0",
				"concat-map": "0.0.1"
			}
		},
		"builtins": {
			"version": "1.0.3",
			"resolved": "https://registry.npmjs.org/builtins/-/builtins-1.0.3.tgz",
			"integrity": "sha1-y5T662HIaWRR2zZTThQi+U8K7og="
		},
		"cacache": {
			"version": "14.0.0",
			"resolved": "https://registry.npmjs.org/cacache/-/cacache-14.0.0.tgz",
			"integrity": "sha512-+Nr/BnA/tjAUXza9gH8F+FSP+1HvWqCKt4c95dQr4EDVJVafbzmPZpLKCkLYexs6vSd2B/1TOXrAoNnqVPfvRA==",
			"requires": {
				"chownr": "^1.1.2",
				"figgy-pudding": "^3.5.1",
				"fs-minipass": "^2.0.0",
				"glob": "^7.1.4",
				"graceful-fs": "^4.2.2",
				"infer-owner": "^1.0.4",
				"lru-cache": "^5.1.1",
				"minipass": "^3.0.0",
				"minipass-collect": "^1.0.2",
				"minipass-flush": "^1.0.5",
				"minipass-pipeline": "^1.2.2",
				"mkdirp": "^1.0.3",
				"move-concurrently": "^1.0.1",
				"p-map": "^3.0.0",
				"promise-inflight": "^1.0.1",
				"rimraf": "^2.7.1",
				"ssri": "^7.0.0",
				"tar": "^6.0.0",
				"unique-filename": "^1.1.1"
			}
		},
		"chownr": {
			"version": "1.1.3",
			"resolved": "https://registry.npmjs.org/chownr/-/chownr-1.1.3.tgz",
			"integrity": "sha512-i70fVHhmV3DtTl6nqvZOnIjbY0Pe4kAUjwHj8z0zAdgBtYrJyYwLKCCuRBQ5ppkyL0AkN7HKRnETdmdp1zqNXw=="
		},
		"clean-stack": {
			"version": "2.2.0",
			"resolved": "https://registry.npmjs.org/clean-stack/-/clean-stack-2.2.0.tgz",
			"integrity": "sha512-4diC9HaTE+KRAMWhDhrGOECgWZxoevMc5TlkObMqNSsVU62PYzXZ/SMTjzyGAFF1YusgxGcSWTEXBhp0CPwQ1A=="
		},
		"concat-map": {
			"version": "0.0.1",
			"resolved": "https://registry.npmjs.org/concat-map/-/concat-map-0.0.1.tgz",
			"integrity": "sha1-2Klr13/Wjfd5OnMDajug1UBdR3s="
		},
		"copy-concurrently": {
			"version": "1.0.5",
			"resolved": "https://registry.npmjs.org/copy-concurrently/-/copy-concurrently-1.0.5.tgz",
			"integrity": "sha512-f2domd9fsVDFtaFcbaRZuYXwtdmnzqbADSwhSWYxYB/Q8zsdUUFMXVRwXGDMWmbEzAn1kdRrtI1T/KTFOL4X2A==",
			"requires": {
				"aproba": "^1.1.1",
				"fs-write-stream-atomic": "^1.0.8",
				"iferr": "^0.1.5",
				"mkdirp": "^0.5.1",
				"rimraf": "^2.5.4",
				"run-queue": "^1.0.0"
			},
			"dependencies": {
				"mkdirp": {
					"version": "0.5.1",
					"resolved": "https://registry.npmjs.org/mkdirp/-/mkdirp-0.5.1.tgz",
					"integrity": "sha1-MAV0OOrGz3+MR2fzhkjWaX11yQM=",
					"requires": {
						"minimist": "0.0.8"
					}
				}
			}
		},
		"core-util-is": {
			"version": "1.0.2",
			"resolved": "https://registry.npmjs.org/core-util-is/-/core-util-is-1.0.2.tgz",
			"integrity": "sha1-tf1UIgqivFq1eqtxQMlAdUUDwac="
		},
		"debug": {
			"version": "4.1.1",
			"resolved": "https://registry.npmjs.org/debug/-/debug-4.1.1.tgz",
			"integrity": "sha512-pYAIzeRo8J6KPEaJ0VWOh5Pzkbw/RetuzehGM7QRRX5he4fPHx2rdKMB256ehJCkX+XRQm16eZLqLNS8RSZXZw==",
			"requires": {
				"ms": "^2.1.1"
			}
		},
		"debuglog": {
			"version": "1.0.1",
			"resolved": "https://registry.npmjs.org/debuglog/-/debuglog-1.0.1.tgz",
			"integrity": "sha1-qiT/uaw9+aI1GDfPstJ5NgzXhJI="
		},
		"depd": {
			"version": "1.1.2",
			"resolved": "https://registry.npmjs.org/depd/-/depd-1.1.2.tgz",
			"integrity": "sha1-m81S4UwJd2PnSbJ0xDRu0uVgtak="
		},
		"dezalgo": {
			"version": "1.0.3",
			"resolved": "https://registry.npmjs.org/dezalgo/-/dezalgo-1.0.3.tgz",
			"integrity": "sha1-f3Qt4Gb8dIvI24IFad3c5Jvw1FY=",
			"requires": {
				"asap": "^2.0.0",
				"wrappy": "1"
			}
		},
		"encoding": {
			"version": "0.1.12",
			"resolved": "https://registry.npmjs.org/encoding/-/encoding-0.1.12.tgz",
			"integrity": "sha1-U4tm8+5izRq1HsMjgp0flIDHS+s=",
			"optional": true,
			"requires": {
				"iconv-lite": "~0.4.13"
			}
		},
		"err-code": {
			"version": "1.1.2",
			"resolved": "https://registry.npmjs.org/err-code/-/err-code-1.1.2.tgz",
			"integrity": "sha1-BuARbTAo9q70gGhJ6w6mp0iuaWA="
		},
		"es6-promise": {
			"version": "4.2.8",
			"resolved": "https://registry.npmjs.org/es6-promise/-/es6-promise-4.2.8.tgz",
			"integrity": "sha512-HJDGx5daxeIvxdBxvG2cb9g4tEvwIk3i8+nhX0yGrYmZUzbkdg8QbDevheDB8gd0//uPj4c1EQua8Q+MViT0/w=="
		},
		"es6-promisify": {
			"version": "5.0.0",
			"resolved": "https://registry.npmjs.org/es6-promisify/-/es6-promisify-5.0.0.tgz",
			"integrity": "sha1-UQnWLz5W6pZ8S2NQWu8IKRyKUgM=",
			"requires": {
				"es6-promise": "^4.0.3"
			}
		},
		"figgy-pudding": {
			"version": "3.5.1",
			"resolved": "https://registry.npmjs.org/figgy-pudding/-/figgy-pudding-3.5.1.tgz",
			"integrity": "sha512-vNKxJHTEKNThjfrdJwHc7brvM6eVevuO5nTj6ez8ZQ1qbXTvGthucRF7S4vf2cr71QVnT70V34v0S1DyQsti0w=="
		},
		"fs-minipass": {
			"version": "2.1.0",
			"resolved": "https://registry.npmjs.org/fs-minipass/-/fs-minipass-2.1.0.tgz",
			"integrity": "sha512-V/JgOLFCS+R6Vcq0slCuaeWEdNC3ouDlJMNIsacH2VtALiu9mV4LPrHc5cDl8k5aw6J8jwgWWpiTo5RYhmIzvg==",
			"requires": {
				"minipass": "^3.0.0"
			}
		},
		"fs-write-stream-atomic": {
			"version": "1.0.10",
			"resolved": "https://registry.npmjs.org/fs-write-stream-atomic/-/fs-write-stream-atomic-1.0.10.tgz",
			"integrity": "sha1-tH31NJPvkR33VzHnCp3tAYnbQMk=",
			"requires": {
				"graceful-fs": "^4.1.2",
				"iferr": "^0.1.5",
				"imurmurhash": "^0.1.4",
				"readable-stream": "1 || 2"
			}
		},
		"fs.realpath": {
			"version": "1.0.0",
			"resolved": "https://registry.npmjs.org/fs.realpath/-/fs.realpath-1.0.0.tgz",
			"integrity": "sha1-FQStJSMVjKpA20onh8sBQRmU6k8="
		},
		"glob": {
			"version": "7.1.6",
			"resolved": "https://registry.npmjs.org/glob/-/glob-7.1.6.tgz",
			"integrity": "sha512-LwaxwyZ72Lk7vZINtNNrywX0ZuLyStrdDtabefZKAY5ZGJhVtgdznluResxNmPitE0SAO+O26sWTHeKSI2wMBA==",
			"requires": {
				"fs.realpath": "^1.0.0",
				"inflight": "^1.0.4",
				"inherits": "2",
				"minimatch": "^3.0.4",
				"once": "^1.3.0",
				"path-is-absolute": "^1.0.0"
			}
		},
		"graceful-fs": {
			"version": "4.2.3",
			"resolved": "https://registry.npmjs.org/graceful-fs/-/graceful-fs-4.2.3.tgz",
			"integrity": "sha512-a30VEBm4PEdx1dRB7MFK7BejejvCvBronbLjht+sHuGYj8PHs7M/5Z+rt5lw551vZ7yfTCj4Vuyy3mSJytDWRQ=="
		},
		"hosted-git-info": {
			"version": "3.0.2",
			"resolved": "https://registry.npmjs.org/hosted-git-info/-/hosted-git-info-3.0.2.tgz",
			"integrity": "sha512-ezZMWtHXm7Eb7Rq4Mwnx2vs79WUx2QmRg3+ZqeGroKzfDO+EprOcgRPYghsOP9JuYBfK18VojmRTGCg8Ma+ktw==",
			"requires": {
				"lru-cache": "^5.1.1"
			}
		},
		"http-cache-semantics": {
			"version": "4.0.3",
			"resolved": "https://registry.npmjs.org/http-cache-semantics/-/http-cache-semantics-4.0.3.tgz",
			"integrity": "sha512-TcIMG3qeVLgDr1TEd2XvHaTnMPwYQUQMIBLy+5pLSDKYFc7UIqj39w8EGzZkaxoLv/l2K8HaI0t5AVA+YYgUew=="
		},
		"http-proxy-agent": {
			"version": "3.0.0",
			"resolved": "https://registry.npmjs.org/http-proxy-agent/-/http-proxy-agent-3.0.0.tgz",
			"integrity": "sha512-uGuJaBWQWDQCJI5ip0d/VTYZW0nRrlLWXA4A7P1jrsa+f77rW2yXz315oBt6zGCF6l8C2tlMxY7ffULCj+5FhA==",
			"requires": {
				"agent-base": "5",
				"debug": "4"
			}
		},
		"https-proxy-agent": {
			"version": "4.0.0",
			"resolved": "https://registry.npmjs.org/https-proxy-agent/-/https-proxy-agent-4.0.0.tgz",
			"integrity": "sha512-zoDhWrkR3of1l9QAL8/scJZyLu8j/gBkcwcaQOZh7Gyh/+uJQzGVETdgT30akuwkpL8HTRfssqI3BZuV18teDg==",
			"requires": {
				"agent-base": "5",
				"debug": "4"
			}
		},
		"humanize-ms": {
			"version": "1.2.1",
			"resolved": "https://registry.npmjs.org/humanize-ms/-/humanize-ms-1.2.1.tgz",
			"integrity": "sha1-xG4xWaKT9riW2ikxbYtv6Lt5u+0=",
			"requires": {
				"ms": "^2.0.0"
			}
		},
		"iconv-lite": {
			"version": "0.4.24",
			"resolved": "https://registry.npmjs.org/iconv-lite/-/iconv-lite-0.4.24.tgz",
			"integrity": "sha512-v3MXnZAcvnywkTUEZomIActle7RXXeedOR31wwl7VlyoXO4Qi9arvSenNQWne1TcRwhCL1HwLI21bEqdpj8/rA==",
			"optional": true,
			"requires": {
				"safer-buffer": ">= 2.1.2 < 3"
			}
		},
		"iferr": {
			"version": "0.1.5",
			"resolved": "https://registry.npmjs.org/iferr/-/iferr-0.1.5.tgz",
			"integrity": "sha1-xg7taebY/bazEEofy8ocGS3FtQE="
		},
		"ignore-walk": {
			"version": "3.0.3",
			"resolved": "https://registry.npmjs.org/ignore-walk/-/ignore-walk-3.0.3.tgz",
			"integrity": "sha512-m7o6xuOaT1aqheYHKf8W6J5pYH85ZI9w077erOzLje3JsB1gkafkAhHHY19dqjulgIZHFm32Cp5uNZgcQqdJKw==",
			"requires": {
				"minimatch": "^3.0.4"
			}
		},
		"imurmurhash": {
			"version": "0.1.4",
			"resolved": "https://registry.npmjs.org/imurmurhash/-/imurmurhash-0.1.4.tgz",
			"integrity": "sha1-khi5srkoojixPcT7a21XbyMUU+o="
		},
		"indent-string": {
			"version": "4.0.0",
			"resolved": "https://registry.npmjs.org/indent-string/-/indent-string-4.0.0.tgz",
			"integrity": "sha512-EdDDZu4A2OyIK7Lr/2zG+w5jmbuk1DVBnEwREQvBzspBJkCEbRa8GxU1lghYcaGJCnRWibjDXlq779X1/y5xwg=="
		},
		"infer-owner": {
			"version": "1.0.4",
			"resolved": "https://registry.npmjs.org/infer-owner/-/infer-owner-1.0.4.tgz",
			"integrity": "sha512-IClj+Xz94+d7irH5qRyfJonOdfTzuDaifE6ZPWfx0N0+/ATZCbuTPq2prFl526urkQd90WyUKIh1DfBQ2hMz9A=="
		},
		"inflight": {
			"version": "1.0.6",
			"resolved": "https://registry.npmjs.org/inflight/-/inflight-1.0.6.tgz",
			"integrity": "sha1-Sb1jMdfQLQwJvJEKEHW6gWW1bfk=",
			"requires": {
				"once": "^1.3.0",
				"wrappy": "1"
			}
		},
		"inherits": {
			"version": "2.0.4",
			"resolved": "https://registry.npmjs.org/inherits/-/inherits-2.0.4.tgz",
			"integrity": "sha512-k/vGaX4/Yla3WzyMCvTQOXYeIHvqOKtnqBduzTHpzpQZzAskKMhZ2K+EnBiSM9zGSoIFeMpXKxa4dYeZIQqewQ=="
		},
		"ip": {
			"version": "1.1.5",
			"resolved": "https://registry.npmjs.org/ip/-/ip-1.1.5.tgz",
			"integrity": "sha1-vd7XARQpCCjAoDnnLvJfWq7ENUo="
		},
		"is-lambda": {
			"version": "1.0.1",
			"resolved": "https://registry.npmjs.org/is-lambda/-/is-lambda-1.0.1.tgz",
			"integrity": "sha1-PZh3iZ5qU+/AFgUEzeFfgubwYdU="
		},
		"isarray": {
			"version": "1.0.0",
			"resolved": "https://registry.npmjs.org/isarray/-/isarray-1.0.0.tgz",
			"integrity": "sha1-u5NdSFgsuhaMBoNJV6VKPgcSTxE="
		},
		"isexe": {
			"version": "2.0.0",
			"resolved": "https://registry.npmjs.org/isexe/-/isexe-2.0.0.tgz",
			"integrity": "sha1-6PvzdNxVb/iUehDcsFctYz8s+hA="
		},
		"json-parse-even-better-errors": {
			"version": "2.0.1",
			"resolved": "https://registry.npmjs.org/json-parse-even-better-errors/-/json-parse-even-better-errors-2.0.1.tgz",
			"integrity": "sha512-XFY2Mbnmg+8r7MRsxfArVkZcfjxGlF/NjM3LsPXVeCX/GBF/1FTCv+idHBYC4qLPtK7q8HC8bapLoWqnhP/bXw=="
		},
		"jsonparse": {
			"version": "1.3.1",
			"resolved": "https://registry.npmjs.org/jsonparse/-/jsonparse-1.3.1.tgz",
			"integrity": "sha1-P02uSpH6wxX3EGL4UhzCOfE2YoA="
		},
		"lru-cache": {
			"version": "5.1.1",
			"resolved": "https://registry.npmjs.org/lru-cache/-/lru-cache-5.1.1.tgz",
			"integrity": "sha512-KpNARQA3Iwv+jTA0utUVVbrh+Jlrr1Fv0e56GGzAFOXN7dk/FviaDW8LHmK52DlcH4WP2n6gI8vN1aesBFgo9w==",
			"requires": {
				"yallist": "^3.0.2"
			},
			"dependencies": {
				"yallist": {
					"version": "3.1.1",
					"resolved": "https://registry.npmjs.org/yallist/-/yallist-3.1.1.tgz",
					"integrity": "sha512-a4UGQaWPH59mOXUYnAG2ewncQS4i4F43Tv3JoAM+s2VDAmS9NsK8GpDMLrCHPksFT7h3K6TOoUNn2pb7RoXx4g=="
				}
			}
		},
		"make-fetch-happen": {
			"version": "7.1.1",
			"resolved": "https://registry.npmjs.org/make-fetch-happen/-/make-fetch-happen-7.1.1.tgz",
			"integrity": "sha512-7fNjiOXNZhNGQzG5P15nU97aZQtzPU2GVgVd7pnqnl5gnpLzMAD8bAe5YG4iW2s0PTqaZy9xGv4Wfqe872kRNQ==",
			"requires": {
				"agentkeepalive": "^4.1.0",
				"cacache": "^14.0.0",
				"http-cache-semantics": "^4.0.3",
				"http-proxy-agent": "^3.0.0",
				"https-proxy-agent": "^4.0.0",
				"is-lambda": "^1.0.1",
				"lru-cache": "^5.1.1",
				"minipass": "^3.0.0",
				"minipass-collect": "^1.0.2",
				"minipass-fetch": "^1.1.2",
				"minipass-flush": "^1.0.5",
				"minipass-pipeline": "^1.2.2",
				"promise-retry": "^1.1.1",
				"socks-proxy-agent": "^4.0.0",
				"ssri": "^7.0.1"
			}
		},
		"minimatch": {
			"version": "3.0.4",
			"resolved": "https://registry.npmjs.org/minimatch/-/minimatch-3.0.4.tgz",
			"integrity": "sha512-yJHVQEhyqPLUTgt9B83PXu6W3rx4MvvHvSUvToogpwoGDOUQ+yDrR0HRot+yOCdCO7u4hX3pWft6kWBBcqh0UA==",
			"requires": {
				"brace-expansion": "^1.1.7"
			}
		},
		"minimist": {
			"version": "0.0.8",
			"resolved": "https://registry.npmjs.org/minimist/-/minimist-0.0.8.tgz",
			"integrity": "sha1-hX/Kv8M5fSYluCKCYuhqp6ARsF0="
		},
		"minipass": {
			"version": "3.1.1",
			"resolved": "https://registry.npmjs.org/minipass/-/minipass-3.1.1.tgz",
			"integrity": "sha512-UFqVihv6PQgwj8/yTGvl9kPz7xIAY+R5z6XYjRInD3Gk3qx6QGSD6zEcpeG4Dy/lQnv1J6zv8ejV90hyYIKf3w==",
			"requires": {
				"yallist": "^4.0.0"
			}
		},
		"minipass-collect": {
			"version": "1.0.2",
			"resolved": "https://registry.npmjs.org/minipass-collect/-/minipass-collect-1.0.2.tgz",
			"integrity": "sha512-6T6lH0H8OG9kITm/Jm6tdooIbogG9e0tLgpY6mphXSm/A9u8Nq1ryBG+Qspiub9LjWlBPsPS3tWQ/Botq4FdxA==",
			"requires": {
				"minipass": "^3.0.0"
			}
		},
		"minipass-fetch": {
			"version": "1.2.1",
			"resolved": "https://registry.npmjs.org/minipass-fetch/-/minipass-fetch-1.2.1.tgz",
			"integrity": "sha512-ssHt0dkljEDaKmTgQ04DQgx2ag6G2gMPxA5hpcsoeTbfDgRf2fC2gNSRc6kISjD7ckCpHwwQvXxuTBK8402fXg==",
			"requires": {
				"encoding": "^0.1.12",
				"minipass": "^3.1.0",
				"minipass-pipeline": "^1.2.2",
				"minipass-sized": "^1.0.3",
				"minizlib": "^2.0.0"
			}
		},
		"minipass-flush": {
			"version": "1.0.5",
			"resolved": "https://registry.npmjs.org/minipass-flush/-/minipass-flush-1.0.5.tgz",
			"integrity": "sha512-JmQSYYpPUqX5Jyn1mXaRwOda1uQ8HP5KAT/oDSLCzt1BYRhQU0/hDtsB1ufZfEEzMZ9aAVmsBw8+FWsIXlClWw==",
			"requires": {
				"minipass": "^3.0.0"
			}
		},
		"minipass-json-stream": {
			"version": "1.0.1",
			"resolved": "https://registry.npmjs.org/minipass-json-stream/-/minipass-json-stream-1.0.1.tgz",
			"integrity": "sha512-ODqY18UZt/I8k+b7rl2AENgbWE8IDYam+undIJONvigAz8KR5GWblsFTEfQs0WODsjbSXWlm+JHEv8Gr6Tfdbg==",
			"requires": {
				"jsonparse": "^1.3.1",
				"minipass": "^3.0.0"
			}
		},
		"minipass-pipeline": {
			"version": "1.2.2",
			"resolved": "https://registry.npmjs.org/minipass-pipeline/-/minipass-pipeline-1.2.2.tgz",
			"integrity": "sha512-3JS5A2DKhD2g0Gg8x3yamO0pj7YeKGwVlDS90pF++kxptwx/F+B//roxf9SqYil5tQo65bijy+dAuAFZmYOouA==",
			"requires": {
				"minipass": "^3.0.0"
			}
		},
		"minipass-sized": {
			"version": "1.0.3",
			"resolved": "https://registry.npmjs.org/minipass-sized/-/minipass-sized-1.0.3.tgz",
			"integrity": "sha512-MbkQQ2CTiBMlA2Dm/5cY+9SWFEN8pzzOXi6rlM5Xxq0Yqbda5ZQy9sU75a673FE9ZK0Zsbr6Y5iP6u9nktfg2g==",
			"requires": {
				"minipass": "^3.0.0"
			}
		},
		"minizlib": {
			"version": "2.1.0",
			"resolved": "https://registry.npmjs.org/minizlib/-/minizlib-2.1.0.tgz",
			"integrity": "sha512-EzTZN/fjSvifSX0SlqUERCN39o6T40AMarPbv0MrarSFtIITCBh7bi+dU8nxGFHuqs9jdIAeoYoKuQAAASsPPA==",
			"requires": {
				"minipass": "^3.0.0",
				"yallist": "^4.0.0"
			}
		},
		"mkdirp": {
			"version": "1.0.3",
			"resolved": "https://registry.npmjs.org/mkdirp/-/mkdirp-1.0.3.tgz",
			"integrity": "sha512-6uCP4Qc0sWsgMLy1EOqqS/3rjDHOEnsStVr/4vtAIK2Y5i2kA7lFFejYrpIyiN9w0pYf4ckeCYT9f1r1P9KX5g=="
		},
		"move-concurrently": {
			"version": "1.0.1",
			"resolved": "https://registry.npmjs.org/move-concurrently/-/move-concurrently-1.0.1.tgz",
			"integrity": "sha1-viwAX9oy4LKa8fBdfEszIUxwH5I=",
			"requires": {
				"aproba": "^1.1.1",
				"copy-concurrently": "^1.0.0",
				"fs-write-stream-atomic": "^1.0.8",
				"mkdirp": "^0.5.1",
				"rimraf": "^2.5.4",
				"run-queue": "^1.0.3"
			},
			"dependencies": {
				"mkdirp": {
					"version": "0.5.1",
					"resolved": "https://registry.npmjs.org/mkdirp/-/mkdirp-0.5.1.tgz",
					"integrity": "sha1-MAV0OOrGz3+MR2fzhkjWaX11yQM=",
					"requires": {
						"minimist": "0.0.8"
					}
				}
			}
		},
		"ms": {
			"version": "2.1.2",
			"resolved": "https://registry.npmjs.org/ms/-/ms-2.1.2.tgz",
			"integrity": "sha512-sGkPx+VjMtmA6MX27oA4FBFELFCZZ4S4XqeGOXCv68tT+jb3vk/RyaKWP0PTKyWtmLSM0b+adUTEvbs1PEaH2w=="
		},
		"npm-bundled": {
			"version": "1.1.1",
			"resolved": "https://registry.npmjs.org/npm-bundled/-/npm-bundled-1.1.1.tgz",
			"integrity": "sha512-gqkfgGePhTpAEgUsGEgcq1rqPXA+tv/aVBlgEzfXwA1yiUJF7xtEt3CtVwOjNYQOVknDk0F20w58Fnm3EtG0fA==",
			"requires": {
				"npm-normalize-package-bin": "^1.0.1"
			}
		},
		"npm-normalize-package-bin": {
			"version": "1.0.1",
			"resolved": "https://registry.npmjs.org/npm-normalize-package-bin/-/npm-normalize-package-bin-1.0.1.tgz",
			"integrity": "sha512-EPfafl6JL5/rU+ot6P3gRSCpPDW5VmIzX959Ob1+ySFUuuYHWHekXpwdUZcKP5C+DS4GEtdJluwBjnsNDl+fSA=="
		},
		"npm-package-arg": {
			"version": "8.0.0",
			"resolved": "https://registry.npmjs.org/npm-package-arg/-/npm-package-arg-8.0.0.tgz",
			"integrity": "sha512-JgqZHCEUKvhX7EehLNdySiuB227a0QYra9wpZOkW+jvwsRYKkce7y5Rv2axkxScJU1EP+L32jT2PLhQz7IWHlw==",
			"requires": {
				"hosted-git-info": "^3.0.2",
				"osenv": "^0.1.5",
				"semver": "^7.0.0",
				"validate-npm-package-name": "^3.0.0"
			}
		},
		"npm-packlist": {
			"version": "2.0.3",
			"resolved": "https://registry.npmjs.org/npm-packlist/-/npm-packlist-2.0.3.tgz",
			"integrity": "sha512-geT5P1y+58INE/jlxBHNsucRX7jpZAgW+XkxAe1NWN7N9SNwpueWTUPRoVdJH+hFpqcdAChRUE/HWsXQI+8JaQ==",
			"requires": {
				"glob": "^7.1.6",
				"ignore-walk": "^3.0.3",
				"npm-bundled": "^1.0.1",
				"npm-normalize-package-bin": "^1.0.1"
			}
		},
		"npm-pick-manifest": {
			"version": "5.0.0",
			"resolved": "https://registry.npmjs.org/npm-pick-manifest/-/npm-pick-manifest-5.0.0.tgz",
			"integrity": "sha512-YUW9xObM7Y1OkQ/gSmU5VQyI3vCkG5lwOrdycw0dpj9/3dE8h9CKY8tVyHTIp50+mV8jOAGH4m4Lts7zz2rN4Q==",
			"requires": {
				"figgy-pudding": "^3.5.1",
				"npm-package-arg": "^8.0.0",
				"semver": "^7.0.0"
			}
		},
		"npm-registry-fetch": {
			"version": "6.0.0",
			"resolved": "https://registry.npmjs.org/npm-registry-fetch/-/npm-registry-fetch-6.0.0.tgz",
			"integrity": "sha512-TSzEzudrky0ArPskchM/7F5SrawBY5acMNtRqFuacEI2lCKEyfBjaENuuIU5Uq2CyHfJ+gWp5QlCprolKa5wKg==",
			"requires": {
				"@npmcli/ci-detect": "^1.0.0",
				"figgy-pudding": "^3.4.1",
				"lru-cache": "^5.1.1",
				"make-fetch-happen": "^7.1.0",
				"minipass": "^3.0.0",
				"minipass-fetch": "^1.1.2",
				"minipass-json-stream": "^1.0.1",
				"minizlib": "^2.0.0",
				"npm-package-arg": "^8.0.0",
				"safe-buffer": "^5.2.0",
				"semver": "^7.0.0"
			},
			"dependencies": {
				"safe-buffer": {
					"version": "5.2.0",
					"resolved": "https://registry.npmjs.org/safe-buffer/-/safe-buffer-5.2.0.tgz",
					"integrity": "sha512-fZEwUGbVl7kouZs1jCdMLdt95hdIv0ZeHg6L7qPeciMZhZ+/gdesW4wgTARkrFWEpspjEATAzUGPG8N2jJiwbg=="
				}
			}
		},
		"object-keys": {
			"version": "1.1.1",
			"resolved": "https://registry.npmjs.org/object-keys/-/object-keys-1.1.1.tgz",
			"integrity": "sha512-NuAESUOUMrlIXOfHKzD6bpPu3tYt3xvjNdRIQ+FeT0lNb4K8WR70CaDxhuNguS2XG+GjkyMwOzsN5ZktImfhLA==",
			"dev": true
		},
		"once": {
			"version": "1.4.0",
			"resolved": "https://registry.npmjs.org/once/-/once-1.4.0.tgz",
			"integrity": "sha1-WDsap3WWHUsROsF9nFC6753Xa9E=",
			"requires": {
				"wrappy": "1"
			}
		},
		"os-homedir": {
			"version": "1.0.2",
			"resolved": "https://registry.npmjs.org/os-homedir/-/os-homedir-1.0.2.tgz",
			"integrity": "sha1-/7xJiDNuDoM94MFox+8VISGqf7M="
		},
		"os-tmpdir": {
			"version": "1.0.2",
			"resolved": "https://registry.npmjs.org/os-tmpdir/-/os-tmpdir-1.0.2.tgz",
			"integrity": "sha1-u+Z0BseaqFxc/sdm/lc0VV36EnQ="
		},
		"osenv": {
			"version": "0.1.5",
			"resolved": "https://registry.npmjs.org/osenv/-/osenv-0.1.5.tgz",
			"integrity": "sha512-0CWcCECdMVc2Rw3U5w9ZjqX6ga6ubk1xDVKxtBQPK7wis/0F2r9T6k4ydGYhecl7YUBxBVxhL5oisPsNxAPe2g==",
			"requires": {
				"os-homedir": "^1.0.0",
				"os-tmpdir": "^1.0.0"
			}
		},
		"p-map": {
			"version": "3.0.0",
			"resolved": "https://registry.npmjs.org/p-map/-/p-map-3.0.0.tgz",
			"integrity": "sha512-d3qXVTF/s+W+CdJ5A29wywV2n8CQQYahlgz2bFiA+4eVNJbHJodPZ+/gXwPGh0bOqA+j8S+6+ckmvLGPk1QpxQ==",
			"requires": {
				"aggregate-error": "^3.0.0"
			}
		},
		"pacote": {
			"version": "10.3.1",
			"resolved": "https://registry.npmjs.org/pacote/-/pacote-10.3.1.tgz",
			"integrity": "sha512-rCChFkLK9aqmk34ewjVmoUL3MD0yxzj3xkknS7MtDO5rx5z4d4bB+GxsAu4zoYc9r3ynQyEfc2GNtpL94yZaEw==",
			"requires": {
				"@npmcli/installed-package-contents": "^1.0.5",
				"cacache": "^14.0.0",
				"chownr": "^1.1.3",
				"fs-minipass": "^2.1.0",
				"infer-owner": "^1.0.4",
				"lru-cache": "^5.1.1",
				"minipass": "^3.0.1",
				"minipass-fetch": "^1.2.1",
				"mkdirp": "^1.0.3",
				"npm-package-arg": "^8.0.0",
				"npm-packlist": "^2.0.3",
				"npm-pick-manifest": "^5.0.0",
				"npm-registry-fetch": "^6.0.0",
				"osenv": "^0.1.5",
				"promise-inflight": "^1.0.1",
				"promise-retry": "^1.1.1",
				"read-package-json-fast": "^1.1.3",
				"semver": "^7.1.1",
				"ssri": "^7.1.0",
				"tar": "^6.0.0",
				"which": "^2.0.2"
			}
		},
		"path-is-absolute": {
			"version": "1.0.1",
			"resolved": "https://registry.npmjs.org/path-is-absolute/-/path-is-absolute-1.0.1.tgz",
			"integrity": "sha1-F0uSaHNVNP+8es5r9TpanhtcX18="
		},
		"process-nextick-args": {
			"version": "2.0.1",
			"resolved": "https://registry.npmjs.org/process-nextick-args/-/process-nextick-args-2.0.1.tgz",
			"integrity": "sha512-3ouUOpQhtgrbOa17J7+uxOTpITYWaGP7/AhoR3+A+/1e9skrzelGi/dXzEYyvbxubEF6Wn2ypscTKiKJFFn1ag=="
		},
		"promise-inflight": {
			"version": "1.0.1",
			"resolved": "https://registry.npmjs.org/promise-inflight/-/promise-inflight-1.0.1.tgz",
			"integrity": "sha1-mEcocL8igTL8vdhoEputEsPAKeM="
		},
		"promise-retry": {
			"version": "1.1.1",
			"resolved": "https://registry.npmjs.org/promise-retry/-/promise-retry-1.1.1.tgz",
			"integrity": "sha1-ZznpaOMFHaIM5kl/srUPaRHfPW0=",
			"requires": {
				"err-code": "^1.0.0",
				"retry": "^0.10.0"
			}
		},
		"read-package-json-fast": {
			"version": "1.1.3",
			"resolved": "https://registry.npmjs.org/read-package-json-fast/-/read-package-json-fast-1.1.3.tgz",
			"integrity": "sha512-MmFqiyfCXV2Dmm4jH24DEGhxdkUDFivJQj4oPZQPOKywxR7HWBE6WnMWDAapfFHi3wm1b+mhR+XHlUH0CL8axg==",
			"requires": {
				"json-parse-even-better-errors": "^2.0.1",
				"npm-normalize-package-bin": "^1.0.1"
			}
		},
		"readable-stream": {
			"version": "2.3.7",
			"resolved": "https://registry.npmjs.org/readable-stream/-/readable-stream-2.3.7.tgz",
			"integrity": "sha512-Ebho8K4jIbHAxnuxi7o42OrZgF/ZTNcsZj6nRKyUmkhLFq8CHItp/fy6hQZuZmP/n3yZ9VBUbp4zz/mX8hmYPw==",
			"requires": {
				"core-util-is": "~1.0.0",
				"inherits": "~2.0.3",
				"isarray": "~1.0.0",
				"process-nextick-args": "~2.0.0",
				"safe-buffer": "~5.1.1",
				"string_decoder": "~1.1.1",
				"util-deprecate": "~1.0.1"
			}
		},
		"readdir-scoped-modules": {
			"version": "1.1.0",
			"resolved": "https://registry.npmjs.org/readdir-scoped-modules/-/readdir-scoped-modules-1.1.0.tgz",
			"integrity": "sha512-asaikDeqAQg7JifRsZn1NJZXo9E+VwlyCfbkZhwyISinqk5zNS6266HS5kah6P0SaQKGF6SkNnZVHUzHFYxYDw==",
			"requires": {
				"debuglog": "^1.0.1",
				"dezalgo": "^1.0.0",
				"graceful-fs": "^4.1.2",
				"once": "^1.3.0"
			}
		},
		"retry": {
			"version": "0.10.1",
			"resolved": "https://registry.npmjs.org/retry/-/retry-0.10.1.tgz",
			"integrity": "sha1-52OI0heZLCUnUCQdPTlW/tmNj/Q="
		},
		"rimraf": {
			"version": "2.7.1",
			"resolved": "https://registry.npmjs.org/rimraf/-/rimraf-2.7.1.tgz",
			"integrity": "sha512-uWjbaKIK3T1OSVptzX7Nl6PvQ3qAGtKEtVRjRuazjfL3Bx5eI409VZSqgND+4UNnmzLVdPj9FqFJNPqBZFve4w==",
			"requires": {
				"glob": "^7.1.3"
			}
		},
		"run-queue": {
			"version": "1.0.3",
			"resolved": "https://registry.npmjs.org/run-queue/-/run-queue-1.0.3.tgz",
			"integrity": "sha1-6Eg5bwV9Ij8kOGkkYY4laUFh7Ec=",
			"requires": {
				"aproba": "^1.1.1"
			}
		},
		"safe-buffer": {
			"version": "5.1.2",
			"resolved": "https://registry.npmjs.org/safe-buffer/-/safe-buffer-5.1.2.tgz",
			"integrity": "sha512-Gd2UZBJDkXlY7GbJxfsE8/nvKkUEU1G38c1siN6QP6a9PT9MmHB8GnpscSmMJSoF8LOIrt8ud/wPtojys4G6+g=="
		},
		"safer-buffer": {
			"version": "2.1.2",
			"resolved": "https://registry.npmjs.org/safer-buffer/-/safer-buffer-2.1.2.tgz",
			"integrity": "sha512-YZo3K82SD7Riyi0E1EQPojLz7kpepnSQI9IyPbHHg1XXXevb5dJI7tpyN2ADxGcQbHG7vcyRHk0cbwqcQriUtg==",
			"optional": true
		},
		"semver": {
			"version": "7.1.2",
			"resolved": "https://registry.npmjs.org/semver/-/semver-7.1.2.tgz",
			"integrity": "sha512-BJs9T/H8sEVHbeigqzIEo57Iu/3DG6c4QoqTfbQB3BPA4zgzAomh/Fk9E7QtjWQ8mx2dgA9YCfSF4y9k9bHNpQ=="
		},
		"smart-buffer": {
			"version": "4.1.0",
			"resolved": "https://registry.npmjs.org/smart-buffer/-/smart-buffer-4.1.0.tgz",
			"integrity": "sha512-iVICrxOzCynf/SNaBQCw34eM9jROU/s5rzIhpOvzhzuYHfJR/DhZfDkXiZSgKXfgv26HT3Yni3AV/DGw0cGnnw=="
		},
		"socks": {
			"version": "2.3.3",
			"resolved": "https://registry.npmjs.org/socks/-/socks-2.3.3.tgz",
			"integrity": "sha512-o5t52PCNtVdiOvzMry7wU4aOqYWL0PeCXRWBEiJow4/i/wr+wpsJQ9awEu1EonLIqsfGd5qSgDdxEOvCdmBEpA==",
			"requires": {
				"ip": "1.1.5",
				"smart-buffer": "^4.1.0"
			}
		},
		"socks-proxy-agent": {
			"version": "4.0.2",
			"resolved": "https://registry.npmjs.org/socks-proxy-agent/-/socks-proxy-agent-4.0.2.tgz",
			"integrity": "sha512-NT6syHhI9LmuEMSK6Kd2V7gNv5KFZoLE7V5udWmn0de+3Mkj3UMA/AJPLyeNUVmElCurSHtUdM3ETpR3z770Wg==",
			"requires": {
				"agent-base": "~4.2.1",
				"socks": "~2.3.2"
			},
			"dependencies": {
				"agent-base": {
					"version": "4.2.1",
					"resolved": "https://registry.npmjs.org/agent-base/-/agent-base-4.2.1.tgz",
					"integrity": "sha512-JVwXMr9nHYTUXsBFKUqhJwvlcYU/blreOEUkhNR2eXZIvwd+c+o5V4MgDPKWnMS/56awN3TRzIP+KoPn+roQtg==",
					"requires": {
						"es6-promisify": "^5.0.0"
					}
				}
			}
		},
		"ssri": {
			"version": "7.1.0",
			"resolved": "https://registry.npmjs.org/ssri/-/ssri-7.1.0.tgz",
			"integrity": "sha512-77/WrDZUWocK0mvA5NTRQyveUf+wsrIc6vyrxpS8tVvYBcX215QbafrJR3KtkpskIzoFLqqNuuYQvxaMjXJ/0g==",
			"requires": {
				"figgy-pudding": "^3.5.1",
				"minipass": "^3.1.1"
			}
		},
		"string_decoder": {
			"version": "1.1.1",
			"resolved": "https://registry.npmjs.org/string_decoder/-/string_decoder-1.1.1.tgz",
			"integrity": "sha512-n/ShnvDi6FHbbVfviro+WojiFzv+s8MPMHBczVePfUpDJLwoLT0ht1l4YwBCbi8pJAveEEdnkHyPyTP/mzRfwg==",
			"requires": {
				"safe-buffer": "~5.1.0"
			}
		},
		"tar": {
			"version": "6.0.1",
			"resolved": "https://registry.npmjs.org/tar/-/tar-6.0.1.tgz",
			"integrity": "sha512-bKhKrrz2FJJj5s7wynxy/fyxpE0CmCjmOQ1KV4KkgXFWOgoIT/NbTMnB1n+LFNrNk0SSBVGGxcK5AGsyC+pW5Q==",
			"requires": {
				"chownr": "^1.1.3",
				"fs-minipass": "^2.0.0",
				"minipass": "^3.0.0",
				"minizlib": "^2.1.0",
				"mkdirp": "^1.0.3",
				"yallist": "^4.0.0"
			}
		},
		"unique-filename": {
			"version": "1.1.1",
			"resolved": "https://registry.npmjs.org/unique-filename/-/unique-filename-1.1.1.tgz",
			"integrity": "sha512-Vmp0jIp2ln35UTXuryvjzkjGdRyf9b2lTXuSYUiPmzRcl3FDtYqAwOnTJkAngD9SWhnoJzDbTKwaOrZ+STtxNQ==",
			"requires": {
				"unique-slug": "^2.0.0"
			}
		},
		"unique-slug": {
			"version": "2.0.2",
			"resolved": "https://registry.npmjs.org/unique-slug/-/unique-slug-2.0.2.tgz",
			"integrity": "sha512-zoWr9ObaxALD3DOPfjPSqxt4fnZiWblxHIgeWqW8x7UqDzEtHEQLzji2cuJYQFCU6KmoJikOYAZlrTHHebjx2w==",
			"requires": {
				"imurmurhash": "^0.1.4"
			}
		},
		"util-deprecate": {
			"version": "1.0.2",
			"resolved": "https://registry.npmjs.org/util-deprecate/-/util-deprecate-1.0.2.tgz",
			"integrity": "sha1-RQ1Nyfpw3nMnYvvS1KKJgUGaDM8="
		},
		"validate-npm-package-name": {
			"version": "3.0.0",
			"resolved": "https://registry.npmjs.org/validate-npm-package-name/-/validate-npm-package-name-3.0.0.tgz",
			"integrity": "sha1-X6kS2B630MdK/BQN5zF/DKffQ34=",
			"requires": {
				"builtins": "^1.0.3"
			}
		},
		"which": {
			"version": "2.0.2",
			"resolved": "https://registry.npmjs.org/which/-/which-2.0.2.tgz",
			"integrity": "sha512-BLI3Tl1TW3Pvl70l3yq3Y64i+awpwXqsGBYWkkqMtnbXgrMD+yj7rhW0kuEDxzJaYXGjEW5ogapKNMEKNMjibA==",
			"requires": {
				"isexe": "^2.0.0"
			}
		},
		"wrappy": {
			"version": "1.0.2",
			"resolved": "https://registry.npmjs.org/wrappy/-/wrappy-1.0.2.tgz",
			"integrity": "sha1-tSQ9jz7BqjXxNkYFvA0QNuMKtp8="
		},
		"yallist": {
			"version": "4.0.0",
			"resolved": "https://registry.npmjs.org/yallist/-/yallist-4.0.0.tgz",
			"integrity": "sha512-3wdGidZyq5PB084XLES5TpOSRA3wjXAlIWMhum2kRcv/41Sn2emQ0dycQW4uZXLejwKvg6EsvbdlVL+FYEct7A=="
		}
	}
}
