{
	"name": "private-with-devengines",
	"lockfileVersion": 2,
	"requires": true,
	"packages": {
		"": {
			"name": "private-with-devengines",
			"license": "All rights reserved",
			"dependencies": {
				"object-keys": "^1"
			},
			"engines": {
				"node": ">= 10"
			}
		},
		"node_modules/object-keys": {
			"version": "1.1.1",
			"resolved": "https://registry.npmjs.org/object-keys/-/object-keys-1.1.1.tgz",
			"integrity": "sha512-NuAESUOUMrlIXOfHKzD6bpPu3tYt3xvjNdRIQ+FeT0lNb4K8WR70CaDxhuNguS2XG+GjkyMwOzsN5ZktImfhLA==",
			"license": "MIT",
			"engines": {
				"node": ">= 0.4"
			}
		}
	},
	"dependencies": {
		"object-keys": {
			"version": "1.1.1",
			"resolved": "https://registry.npmjs.org/object-keys/-/object-keys-1.1.1.tgz",
			"integrity": "sha512-NuAESUOUMrlIXOfHKzD6bpPu3tYt3xvjNdRIQ+FeT0lNb4K8WR70CaDxhuNguS2XG+GjkyMwOzsN5ZktImfhLA=="
		}
	}
}
