{
	"name": "root-engines-only",
	"lockfileVersion": 2,
	"requires": true,
	"packages": {
		"": {
			"name": "root-engines-only",
			"license": "All rights reserved",
			"dependencies": {
				"object-keys": "0.0.1"
			},
			"devDependencies": {
				"object.fromentries": "0.0.1-security"
			},
			"engines": {
				"node": ">= 4"
			}
		},
		"node_modules/object-keys": {
			"version": "0.0.1",
			"resolved": "https://registry.npmjs.org/object-keys/-/object-keys-0.0.1.tgz",
			"integrity": "sha1-q5FzB7EEKYFFPglMQQSSRumWAtY="
		},
		"node_modules/object.fromentries": {
			"version": "0.0.1-security",
			"resolved": "https://registry.npmjs.org/object.fromentries/-/object.fromentries-0.0.1-security.tgz",
			"integrity": "sha512-Ju+2lR0hWFyqO0EWw/fXA6sP6qOpJAElRTmnghkJEB0J32tnOIqBDMp0dxNBN34r24MEAiRMzFD92zrbos63/Q==",
			"dev": true
		}
	},
	"dependencies": {
		"object-keys": {
			"version": "0.0.1",
			"resolved": "https://registry.npmjs.org/object-keys/-/object-keys-0.0.1.tgz",
			"integrity": "sha1-q5FzB7EEKYFFPglMQQSSRumWAtY="
		},
		"object.fromentries": {
			"version": "0.0.1-security",
			"resolved": "https://registry.npmjs.org/object.fromentries/-/object.fromentries-0.0.1-security.tgz",
			"integrity": "sha512-Ju+2lR0hWFyqO0EWw/fXA6sP6qOpJAElRTmnghkJEB0J32tnOIqBDMp0dxNBN34r24MEAiRMzFD92zrbos63/Q==",
			"dev": true
		}
	}
}
