{
	"name": "peer-subset-root",
	"lockfileVersion": 2,
	"requires": true,
	"packages": {
		"": {
			"hasInstallScript": true,
			"engines": {
				"node": ">= 8"
			},
			"peerDependencies": {
				"npm-package-arg": "=8.0.0"
			}
		},
		"node_modules/builtins": {
			"version": "1.0.3",
			"resolved": "https://registry.npmjs.org/builtins/-/builtins-1.0.3.tgz",
			"integrity": "sha1-y5T662HIaWRR2zZTThQi+U8K7og=",
			"peer": true
		},
		"node_modules/hosted-git-info": {
			"version": "3.0.8",
			"resolved": "https://registry.npmjs.org/hosted-git-info/-/hosted-git-info-3.0.8.tgz",
			"integrity": "sha512-aXpmwoOhRBrw6X3j0h5RloK4x1OzsxMPyxqIHyNfSe2pypkVTZFpEiRoSipPEPlMrh0HW/XsjkJ5WgnCirpNUw==",
			"peer": true,
			"dependencies": {
				"lru-cache": "^6.0.0"
			},
			"engines": {
				"node": ">=10"
			}
		},
		"node_modules/lru-cache": {
			"version": "6.0.0",
			"resolved": "https://registry.npmjs.org/lru-cache/-/lru-cache-6.0.0.tgz",
			"integrity": "sha512-Jo6dJ04CmSjuznwJSS3pUeWmd/H0ffTlkXXgwZi+eq1UCmqQwCh+eLsYOYCwY991i2Fah4h1BEMCx4qThGbsiA==",
			"peer": true,
			"dependencies": {
				"yallist": "^4.0.0"
			},
			"engines": {
				"node": ">=10"
			}
		},
		"node_modules/npm-package-arg": {
			"version": "8.0.0",
			"resolved": "https://registry.npmjs.org/npm-package-arg/-/npm-package-arg-8.0.0.tgz",
			"integrity": "sha512-JgqZHCEUKvhX7EehLNdySiuB227a0QYra9wpZOkW+jvwsRYKkce7y5Rv2axkxScJU1EP+L32jT2PLhQz7IWHlw==",
			"peer": true,
			"dependencies": {
				"hosted-git-info": "^3.0.2",
				"osenv": "^0.1.5",
				"semver": "^7.0.0",
				"validate-npm-package-name": "^3.0.0"
			},
			"engines": {
				"node": ">=10"
			}
		},
		"node_modules/os-homedir": {
			"version": "1.0.2",
			"resolved": "https://registry.npmjs.org/os-homedir/-/os-homedir-1.0.2.tgz",
			"integrity": "sha1-/7xJiDNuDoM94MFox+8VISGqf7M=",
			"peer": true,
			"engines": {
				"node": ">=0.10.0"
			}
		},
		"node_modules/os-tmpdir": {
			"version": "1.0.2",
			"resolved": "https://registry.npmjs.org/os-tmpdir/-/os-tmpdir-1.0.2.tgz",
			"integrity": "sha1-u+Z0BseaqFxc/sdm/lc0VV36EnQ=",
			"peer": true,
			"engines": {
				"node": ">=0.10.0"
			}
		},
		"node_modules/osenv": {
			"version": "0.1.5",
			"resolved": "https://registry.npmjs.org/osenv/-/osenv-0.1.5.tgz",
			"integrity": "sha512-0CWcCECdMVc2Rw3U5w9ZjqX6ga6ubk1xDVKxtBQPK7wis/0F2r9T6k4ydGYhecl7YUBxBVxhL5oisPsNxAPe2g==",
			"peer": true,
			"dependencies": {
				"os-homedir": "^1.0.0",
				"os-tmpdir": "^1.0.0"
			}
		},
		"node_modules/semver": {
			"version": "7.3.5",
			"resolved": "https://registry.npmjs.org/semver/-/semver-7.3.5.tgz",
			"integrity": "sha512-PoeGJYh8HK4BTO/a9Tf6ZG3veo/A7ZVsYrSA6J8ny9nb3B1VrpkuN+z9OE5wfE5p6H4LchYZsegiQgbJD94ZFQ==",
			"peer": true,
			"dependencies": {
				"lru-cache": "^6.0.0"
			},
			"bin": {
				"semver": "bin/semver.js"
			},
			"engines": {
				"node": ">=10"
			}
		},
		"node_modules/validate-npm-package-name": {
			"version": "3.0.0",
			"resolved": "https://registry.npmjs.org/validate-npm-package-name/-/validate-npm-package-name-3.0.0.tgz",
			"integrity": "sha1-X6kS2B630MdK/BQN5zF/DKffQ34=",
			"peer": true,
			"dependencies": {
				"builtins": "^1.0.3"
			}
		},
		"node_modules/yallist": {
			"version": "4.0.0",
			"resolved": "https://registry.npmjs.org/yallist/-/yallist-4.0.0.tgz",
			"integrity": "sha512-3wdGidZyq5PB084XLES5TpOSRA3wjXAlIWMhum2kRcv/41Sn2emQ0dycQW4uZXLejwKvg6EsvbdlVL+FYEct7A==",
			"peer": true
		}
	},
	"dependencies": {
		"builtins": {
			"version": "1.0.3",
			"resolved": "https://registry.npmjs.org/builtins/-/builtins-1.0.3.tgz",
			"integrity": "sha1-y5T662HIaWRR2zZTThQi+U8K7og=",
			"peer": true
		},
		"hosted-git-info": {
			"version": "3.0.8",
			"resolved": "https://registry.npmjs.org/hosted-git-info/-/hosted-git-info-3.0.8.tgz",
			"integrity": "sha512-aXpmwoOhRBrw6X3j0h5RloK4x1OzsxMPyxqIHyNfSe2pypkVTZFpEiRoSipPEPlMrh0HW/XsjkJ5WgnCirpNUw==",
			"peer": true,
			"requires": {
				"lru-cache": "^6.0.0"
			}
		},
		"lru-cache": {
			"version": "6.0.0",
			"resolved": "https://registry.npmjs.org/lru-cache/-/lru-cache-6.0.0.tgz",
			"integrity": "sha512-Jo6dJ04CmSjuznwJSS3pUeWmd/H0ffTlkXXgwZi+eq1UCmqQwCh+eLsYOYCwY991i2Fah4h1BEMCx4qThGbsiA==",
			"peer": true,
			"requires": {
				"yallist": "^4.0.0"
			}
		},
		"npm-package-arg": {
			"version": "8.0.0",
			"resolved": "https://registry.npmjs.org/npm-package-arg/-/npm-package-arg-8.0.0.tgz",
			"integrity": "sha512-JgqZHCEUKvhX7EehLNdySiuB227a0QYra9wpZOkW+jvwsRYKkce7y5Rv2axkxScJU1EP+L32jT2PLhQz7IWHlw==",
			"peer": true,
			"requires": {
				"hosted-git-info": "^3.0.2",
				"osenv": "^0.1.5",
				"semver": "^7.0.0",
				"validate-npm-package-name": "^3.0.0"
			}
		},
		"os-homedir": {
			"version": "1.0.2",
			"resolved": "https://registry.npmjs.org/os-homedir/-/os-homedir-1.0.2.tgz",
			"integrity": "sha1-/7xJiDNuDoM94MFox+8VISGqf7M=",
			"peer": true
		},
		"os-tmpdir": {
			"version": "1.0.2",
			"resolved": "https://registry.npmjs.org/os-tmpdir/-/os-tmpdir-1.0.2.tgz",
			"integrity": "sha1-u+Z0BseaqFxc/sdm/lc0VV36EnQ=",
			"peer": true
		},
		"osenv": {
			"version": "0.1.5",
			"resolved": "https://registry.npmjs.org/osenv/-/osenv-0.1.5.tgz",
			"integrity": "sha512-0CWcCECdMVc2Rw3U5w9ZjqX6ga6ubk1xDVKxtBQPK7wis/0F2r9T6k4ydGYhecl7YUBxBVxhL5oisPsNxAPe2g==",
			"peer": true,
			"requires": {
				"os-homedir": "^1.0.0",
				"os-tmpdir": "^1.0.0"
			}
		},
		"semver": {
			"version": "7.3.5",
			"resolved": "https://registry.npmjs.org/semver/-/semver-7.3.5.tgz",
			"integrity": "sha512-PoeGJYh8HK4BTO/a9Tf6ZG3veo/A7ZVsYrSA6J8ny9nb3B1VrpkuN+z9OE5wfE5p6H4LchYZsegiQgbJD94ZFQ==",
			"peer": true,
			"requires": {
				"lru-cache": "^6.0.0"
			}
		},
		"validate-npm-package-name": {
			"version": "3.0.0",
			"resolved": "https://registry.npmjs.org/validate-npm-package-name/-/validate-npm-package-name-3.0.0.tgz",
			"integrity": "sha1-X6kS2B630MdK/BQN5zF/DKffQ34=",
			"peer": true,
			"requires": {
				"builtins": "^1.0.3"
			}
		},
		"yallist": {
			"version": "4.0.0",
			"resolved": "https://registry.npmjs.org/yallist/-/yallist-4.0.0.tgz",
			"integrity": "sha512-3wdGidZyq5PB084XLES5TpOSRA3wjXAlIWMhum2kRcv/41Sn2emQ0dycQW4uZXLejwKvg6EsvbdlVL+FYEct7A==",
			"peer": true
		}
	}
}
